{
  "version": 4,
  "terraform_version": "1.12.2",
  "serial": 6,
  "lineage": "a2e8eaec-9235-6b46-344f-8cdbddbe68fa",
  "outputs": {},
  "resources": [
    {
      "mode": "managed",
      "type": "scalingo_addon",
      "name": "db",
      "provider": "provider[\"registry.terraform.io/scalingo/scalingo\"]",
      "instances": [
        {
          "schema_version": 0,
          "attributes": {
            "app": "6864f1cefbdd397382c59e4a",
            "database_features": null,
            "id": "ad-735dd7f1-1449-48bc-9f59-225212b8b366",
            "plan": "mysql-starter-512",
            "plan_id": "5c9bad9e26e28200e79ad3d0",
            "provider_id": "mysql",
            "resource_id": "marinaperez_5951"
          },
          "sensitive_attributes": [],
          "identity_schema_version": 0,
          "private": "bnVsbA==",
          "dependencies": [
            "scalingo_app.marinaperez-my-app-python-api"
          ]
        }
      ]
    },
    {
      "mode": "managed",
      "type": "scalingo_app",
      "name": "marinaperez-my-app-python-api",
      "provider": "provider[\"registry.terraform.io/scalingo/scalingo\"]",
      "instances": [
        {
          "schema_version": 0,
          "attributes": {
            "all_environment": {},
            "base_url": "https://marinaperez-my-app-python-api.osc-fr1.scalingo.io",
            "environment": null,
            "force_https": false,
            "git_url": "git@ssh.osc-fr1.scalingo.com:marinaperez-my-app-python-api.git",
            "id": "6864f1cefbdd397382c59e4a",
            "name": "marinaperez-my-app-python-api",
            "router_logs": false,
            "stack_id": "st-7ccbf8e6-04d3-4e2c-98e3-604a4700cebc",
            "sticky_session": false,
            "url": "https://marinaperez-my-app-python-api.osc-fr1.scalingo.io"
          },
          "sensitive_attributes": [],
          "identity_schema_version": 0,
          "private": "bnVsbA=="
        }
      ]
    },
    {
      "mode": "managed",
      "type": "scalingo_container_type",
      "name": "api",
      "provider": "provider[\"registry.terraform.io/scalingo/scalingo\"]",
      "instances": [
        {
          "schema_version": 0,
          "attributes": {
            "amount": 1,
            "app": "marinaperez-my-app-python-api",
            "id": "marinaperez-my-app-python-api:api",
            "name": "api",
            "size": "S"
          },
          "sensitive_attributes": [],
          "identity_schema_version": 0,
          "private": "bnVsbA==",
          "dependencies": [
            "scalingo_app.marinaperez-my-app-python-api"
          ]
        }
      ]
    },
    {
      "mode": "managed",
      "type": "scalingo_container_type",
      "name": "web",
      "provider": "provider[\"registry.terraform.io/scalingo/scalingo\"]",
      "instances": [
        {
          "schema_version": 0,
          "attributes": {
            "amount": 1,
            "app": "marinaperez-my-app-python-api",
            "id": "marinaperez-my-app-python-api:web",
            "name": "web",
            "size": "S"
          },
          "sensitive_attributes": [],
          "identity_schema_version": 0,
          "private": "bnVsbA==",
          "dependencies": [
            "scalingo_app.marinaperez-my-app-python-api"
          ]
        }
      ]
    }
  ],
  "check_results": null
}
